<?xml version="1.0" encoding="utf-8"?>
<Project ToolsVersion="4.0" xmlns="http://schemas.microsoft.com/developer/msbuild/2003">
  <ItemGroup>
    <Filter Include="SkipList">
      <UniqueIdentifier>{b2680f5d-c473-4d5b-bfee-c6598cf1e522}</UniqueIdentifier>
    </Filter>
    <Filter Include="Factorize">
      <UniqueIdentifier>{5e952a7a-1a08-4c35-b089-d0958a84f02f}</UniqueIdentifier>
    </Filter>
    <Filter Include="EliminationStack">
      <UniqueIdentifier>{0495f929-8f42-4461-bea9-6869625c2c53}</UniqueIdentifier>
    </Filter>
  </ItemGroup>
  <ItemGroup>
    <ClCompile Include="SkipListEBR.cpp">
      <Filter>SkipList</Filter>
    </ClCompile>
    <ClCompile Include="DivisionSet.cpp">
      <Filter>SkipList</Filter>
    </ClCompile>
    <ClCompile Include="Factorize.cpp">
      <Filter>Factorize</Filter>
    </ClCompile>
    <ClCompile Include="Factorize2.cpp">
      <Filter>Factorize</Filter>
    </ClCompile>
    <ClCompile Include="LockFreeStack.cpp">
      <Filter>EliminationStack</Filter>
    </ClCompile>
    <ClCompile Include="ExCode.cpp">
      <Filter>EliminationStack</Filter>
    </ClCompile>
    <ClCompile Include="UniversalConstruct.cpp" />
  </ItemGroup>
</Project>